
Microsoft Visual Studio Solution File, Format Version 12.00
# Visual Studio Version 16
VisualStudioVersion = 16.0.30104.148
MinimumVisualStudioVersion = 10.0.40219.1
Project("{9A19103F-16F7-4668-BE54-9A1E7A4F7556}") = "Timingz", "src\Timingz\Timingz.csproj", "{EE27EF04-B8D7-4EED-9057-2926D512D609}"
EndProject
Project("{2150E333-8FDC-42A3-9474-1A3956D46DE8}") = "assets", "assets", "{3AC2655D-4B50-49A5-ACFE-EC6D74578702}"
	ProjectSection(SolutionItems) = preProject
		.editorconfig = .editorconfig
		.gitignore = .gitignore
		Directory.Build.props = Directory.Build.props
		Directory.Build.targets = Directory.Build.targets
		GitVersion.yml = GitVersion.yml
		README.md = README.md
	EndProjectSection
EndProject
Project("{9A19103F-16F7-4668-BE54-9A1E7A4F7556}") = "WebApiSample", "samples\WebApiSample\WebApiSample.csproj", "{92BB079A-FC27-4A62-A368-300D8108929F}"
EndProject
Project("{9A19103F-16F7-4668-BE54-9A1E7A4F7556}") = "Timingz.PerformanceTests", "test\Timingz.PerformanceTests\Timingz.PerformanceTests.csproj", "{1394EA6A-185E-4DDC-8C69-EC3EE2C06D4B}"
EndProject
Project("{9A19103F-16F7-4668-BE54-9A1E7A4F7556}") = "Timingz.Tests", "test\Timingz.Tests\Timingz.Tests.csproj", "{BCEFC198-392E-4F31-90D3-748D59E1704B}"
EndProject
Project("{2150E333-8FDC-42A3-9474-1A3956D46DE8}") = "src", "src", "{9F0B528D-3F6E-4290-8E57-B507B90E7642}"
EndProject
Project("{2150E333-8FDC-42A3-9474-1A3956D46DE8}") = "test", "test", "{BB672224-637D-48BE-A30F-EC3F4225CE9F}"
EndProject
Project("{2150E333-8FDC-42A3-9474-1A3956D46DE8}") = "samples", "samples", "{554CA797-5F4C-4DE2-8D62-9330570016C8}"
EndProject
Global
	GlobalSection(SolutionConfigurationPlatforms) = preSolution
		Debug|Any CPU = Debug|Any CPU
		Release|Any CPU = Release|Any CPU
	EndGlobalSection
	GlobalSection(ProjectConfigurationPlatforms) = postSolution
		{EE27EF04-B8D7-4EED-9057-2926D512D609}.Debug|Any CPU.ActiveCfg = Debug|Any CPU
		{EE27EF04-B8D7-4EED-9057-2926D512D609}.Debug|Any CPU.Build.0 = Debug|Any CPU
		{EE27EF04-B8D7-4EED-9057-2926D512D609}.Release|Any CPU.ActiveCfg = Release|Any CPU
		{EE27EF04-B8D7-4EED-9057-2926D512D609}.Release|Any CPU.Build.0 = Release|Any CPU
		{92BB079A-FC27-4A62-A368-300D8108929F}.Debug|Any CPU.ActiveCfg = Debug|Any CPU
		{92BB079A-FC27-4A62-A368-300D8108929F}.Debug|Any CPU.Build.0 = Debug|Any CPU
		{92BB079A-FC27-4A62-A368-300D8108929F}.Release|Any CPU.ActiveCfg = Release|Any CPU
		{92BB079A-FC27-4A62-A368-300D8108929F}.Release|Any CPU.Build.0 = Release|Any CPU
		{1394EA6A-185E-4DDC-8C69-EC3EE2C06D4B}.Debug|Any CPU.ActiveCfg = Debug|Any CPU
		{1394EA6A-185E-4DDC-8C69-EC3EE2C06D4B}.Debug|Any CPU.Build.0 = Debug|Any CPU
		{1394EA6A-185E-4DDC-8C69-EC3EE2C06D4B}.Release|Any CPU.ActiveCfg = Release|Any CPU
		{1394EA6A-185E-4DDC-8C69-EC3EE2C06D4B}.Release|Any CPU.Build.0 = Release|Any CPU
		{BCEFC198-392E-4F31-90D3-748D59E1704B}.Debug|Any CPU.ActiveCfg = Debug|Any CPU
		{BCEFC198-392E-4F31-90D3-748D59E1704B}.Debug|Any CPU.Build.0 = Debug|Any CPU
		{BCEFC198-392E-4F31-90D3-748D59E1704B}.Release|Any CPU.ActiveCfg = Release|Any CPU
		{BCEFC198-392E-4F31-90D3-748D59E1704B}.Release|Any CPU.Build.0 = Release|Any CPU
	EndGlobalSection
	GlobalSection(SolutionProperties) = preSolution
		HideSolutionNode = FALSE
	EndGlobalSection
	GlobalSection(NestedProjects) = preSolution
		{EE27EF04-B8D7-4EED-9057-2926D512D609} = {9F0B528D-3F6E-4290-8E57-B507B90E7642}
		{92BB079A-FC27-4A62-A368-300D8108929F} = {554CA797-5F4C-4DE2-8D62-9330570016C8}
		{1394EA6A-185E-4DDC-8C69-EC3EE2C06D4B} = {BB672224-637D-48BE-A30F-EC3F4225CE9F}
		{BCEFC198-392E-4F31-90D3-748D59E1704B} = {BB672224-637D-48BE-A30F-EC3F4225CE9F}
	EndGlobalSection
	GlobalSection(ExtensibilityGlobals) = postSolution
		SolutionGuid = {95E80A48-EBC1-4BFB-B7E0-1FB8147A1968}
	EndGlobalSection
EndGlobal
